# This file is automatically @generated by Cargo.
# It is not intended for manual editing.
version = 4

[[package]]
name = "farben"
version = "0.18.1"
source = "registry+https://github.com/rust-lang/crates.io-index"
checksum = "853609baeff50e5c2954cea5bf4ee0e8a4342b1d611e4709d482be2cb883c319"
dependencies = [
 "farben-core",
]

[[package]]
name = "farben-core"
version = "0.13.4"
source = "registry+https://github.com/rust-lang/crates.io-index"
checksum = "e70d8cb117d59cf22c1db2f9ea092ce1208b14e5048dbd4d9dc9e8ccef3dde07"

[[package]]
name = "terminal"
version = "0.1.0"
dependencies = [
 "farben",
]
